{
  "version": "5",
  "specifiers": {
    "jsr:@deno/installer-shell-setup@*": "0.3.4"
  },
  "jsr": {
    "@deno/installer-shell-setup@0.3.4": {
      "integrity": "48665d1a737d487cce6874bc97bba70a5aeffa7053aca3f60df93c6fab8963b4"
    }
  },
  "redirects": {
    "https://esm.sh/@supabase/node-fetch@^2.6.14?target=denonext": "https://esm.sh/@supabase/node-fetch@2.6.15?target=denonext",
    "https://esm.sh/bufferutil@^4.0.1?target=denonext": "https://esm.sh/bufferutil@4.1.0?target=denonext",
    "https://esm.sh/node-gyp-build@^4.3.0?target=denonext": "https://esm.sh/node-gyp-build@4.8.4?target=denonext",
    "https://esm.sh/tr46@~0.0.3?target=denonext": "https://esm.sh/tr46@0.0.3?target=denonext",
    "https://esm.sh/uint8array-extras@^1.5.0?target=denonext": "https://esm.sh/uint8array-extras@1.5.0?target=denonext",
    "https://esm.sh/utf-8-validate@%3E=5.0.2?target=denonext": "https://esm.sh/utf-8-validate@6.0.6?target=denonext",
    "https://esm.sh/webidl-conversions@^3.0.0?target=denonext": "https://esm.sh/webidl-conversions@3.0.1?target=denonext",
    "https://esm.sh/whatwg-url@^5.0.0?target=denonext": "https://esm.sh/whatwg-url@5.0.0?target=denonext",
    "https://esm.sh/ws@^8.14.2?target=denonext": "https://esm.sh/ws@8.21.3?target=denonext"
  },
  "remote": {
    "https://esm.sh/@block65/webcrypto-web-push@2.0.0": "8806cb42c83dbdd5a4cfbe67a1a55c99b0dcba3f323741e2edaf7a5896f188fa",
    "https://esm.sh/@block65/webcrypto-web-push@2.0.0/denonext/webcrypto-web-push.mjs": "af41e58ea9b94688eb6c62d114e5ae74c711e87a7e460a2c9408261129775e38",
    "https://esm.sh/@supabase/auth-js@2.65.0/denonext/auth-js.mjs": "b0dae93271b199b26f7990e9091ecd2556125f2bfe1c9a443893bf0519908858",
    "https://esm.sh/@supabase/functions-js@2.4.1/denonext/functions-js.mjs": "0dfa81270bba8ae5af371b273a564203b4625b3a18e70774235b0b46ef40d940",
    "https://esm.sh/@supabase/node-fetch@2.6.15/denonext/node-fetch.mjs": "0bae9052231f4f6dbccc7234d05ea96923dbf967be12f402764580b6bf9f713d",
    "https://esm.sh/@supabase/node-fetch@2.6.15?target=denonext": "4d28c4ad97328403184353f68434f2b6973971507919e9150297413664919cf3",
    "https://esm.sh/@supabase/postgrest-js@1.16.1/denonext/postgrest-js.mjs": "1c62b0354f3bcf923c92a1bce3fea042ec76abc51d3aac4b53957fcb0854428a",
    "https://esm.sh/@supabase/realtime-js@2.10.2/denonext/realtime-js.mjs": "3a5a350e881736135ec1bd8c4361c96edeb647d3c56be7cf3a68eddfaf3ce242",
    "https://esm.sh/@supabase/storage-js@2.7.0/denonext/storage-js.mjs": "e831f9ac91b49f5e7026879efa7b61a360bc1c4b9fa2dd9890432c2e877a6611",
    "https://esm.sh/@supabase/supabase-js@2.45.4": "1108d69216995335d057dbd15907caaf514a4d1ef082f097050573b9d589a57c",
    "https://esm.sh/@supabase/supabase-js@2.45.4/denonext/supabase-js.mjs": "8d7c017f03473b9c0f9cd1be611dc51d8c4f359183ece1fcffda731ccc55aba3",
    "https://esm.sh/bufferutil@4.1.0/denonext/bufferutil.mjs": "9b6e81087bdc57848ad1de1f8618ebbace98ebd9ff6cab51260b48c2a045a9c9",
    "https://esm.sh/bufferutil@4.1.0?target=denonext": "aaa2a112199593ccc40da1aedf5124779862ea166afb0a8529f04f907001428a",
    "https://esm.sh/hono@4.6.3": "c21ec08d08f96fc218f9d12341e2d0d8aa30767dfe201f597eb515d05b93e255",
    "https://esm.sh/hono@4.6.3/denonext/dist/compose.mjs": "aa9f706551ecbea34d3f6aef616b0cc20187ab17675bcca81ddc7569e7dabe78",
    "https://esm.sh/hono@4.6.3/denonext/dist/context.mjs": "7767474475be0ac1f0c09928f2728df379a530f0cea07b79d08e52682fc2e06e",
    "https://esm.sh/hono@4.6.3/denonext/dist/hono.mjs": "ccdef349d46e50919dc51abc66a9af90699802a6476d030e31bfb675801f6735",
    "https://esm.sh/hono@4.6.3/denonext/dist/request.mjs": "b5ea357f3559a698b5005c3e147661e756d75195fcefa3bb03d1c1f1016491e7",
    "https://esm.sh/hono@4.6.3/denonext/dist/utils/body.mjs": "4c9957bde0962ab4c722c98486e9e9ed3193008fc08239e321a003c4286fd193",
    "https://esm.sh/hono@4.6.3/denonext/dist/utils/html.mjs": "0b40d8c8da9fdcee4d16f8be66eb5dffa2bd31ebb69d88fffedcf6a1f0cf96a4",
    "https://esm.sh/hono@4.6.3/denonext/dist/utils/url.mjs": "330eef3eb098b8ac7004e96d03489c0b88b1c4ee15fc792bc570c6285c7a0151",
    "https://esm.sh/hono@4.6.3/denonext/hono-base.mjs": "106972e50fc43d81240f45f159102b2fe073e502f72267b61958a0abc20cfc89",
    "https://esm.sh/hono@4.6.3/denonext/hono.mjs": "3146f0b779c2a9f3c6ae2cbb2d861483b3ab3013bcfee94de03c1a8b10483523",
    "https://esm.sh/hono@4.6.3/denonext/router.mjs": "dff4e41af1597b340ee3793138cc031df0b3ad605a62baae2c5d3ea4f6085e31",
    "https://esm.sh/hono@4.6.3/denonext/router/reg-exp-router.mjs": "ce37e314408ec32bc2da8888769019a0193dea51615458e2e89fe079e9f6d80a",
    "https://esm.sh/hono@4.6.3/denonext/router/smart-router.mjs": "2257c6641b4e6aa409ae78c801ceb422a0425eabadb37c3670832a872cf95f10",
    "https://esm.sh/hono@4.6.3/denonext/router/trie-router.mjs": "f38dea68981a714cb2e707519d5f47f4eadbd6d977e6fc6aa8814df645657b75",
    "https://esm.sh/node-gyp-build@4.8.4/denonext/node-gyp-build.mjs": "9a86f2d044fc77bd60aaa3d697c2ba1b818da5fb1b9aaeedec59a40b8e908803",
    "https://esm.sh/node-gyp-build@4.8.4?target=denonext": "261a6cedf1fdbf159798141ba1e2311ac1510682c5c8b55dacc8cf5fdee4aa06",
    "https://esm.sh/tr46@0.0.3/denonext/tr46.mjs": "5753ec0a99414f4055f0c1f97691100f13d88e48a8443b00aebb90a512785fa2",
    "https://esm.sh/tr46@0.0.3?target=denonext": "19cb9be0f0d418a0c3abb81f2df31f080e9540a04e43b0f699bce1149cba0cbb",
    "https://esm.sh/uint8array-extras@1.5.0/denonext/uint8array-extras.mjs": "660b5b7967799e1ab7274f0062b66fc33a86c68df583429d8c52fa0b32332ae9",
    "https://esm.sh/uint8array-extras@1.5.0?target=denonext": "04a46e303f8dc389be14886417be8ac772550255f6801a33411511711cdb3546",
    "https://esm.sh/utf-8-validate@6.0.6/denonext/utf-8-validate.mjs": "4a41983aa887625615f52a52b53c223d8f16c74e52a6bd41b2c361894c07f878",
    "https://esm.sh/utf-8-validate@6.0.6?target=denonext": "8afa4e097093160323f232f971ca61474d22ccafdac8025e4e4f66ab4e07b2c4",
    "https://esm.sh/webidl-conversions@3.0.1/denonext/webidl-conversions.mjs": "238cd0743827707cbc1c2d7c2cf1027dbc536fb53ec9a3fde0ff8026a3ac5385",
    "https://esm.sh/webidl-conversions@3.0.1?target=denonext": "4e20318d50528084616c79d7b3f6e7f0fe7b6d09013bd01b3974d7448d767e29",
    "https://esm.sh/whatwg-url@5.0.0/denonext/whatwg-url.mjs": "29b16d74ee72624c915745bbd25b617cfd2248c6af0f5120d131e232a9a9af79",
    "https://esm.sh/whatwg-url@5.0.0?target=denonext": "f001a2cadf81312d214ca330033f474e74d81a003e21e8c5d70a1f46dc97b02d",
    "https://esm.sh/ws@8.21.3/denonext/ws.mjs": "06f4232ae4661bde6643351cf016a810ef62bc23c555d736d72323c0e46fcad0",
    "https://esm.sh/ws@8.21.3?target=denonext": "a7a038553aa72c62198495e7f69c67f9618437c22d9f2c12e00513ceff5a7141"
  },
  "workspace": {
    "packageJson": {
      "dependencies": [
        "npm:@eslint/js@^9.39.1",
        "npm:@hookform/resolvers@^5.2.2",
        "npm:@jridgewell/trace-mapping@~0.3.31",
        "npm:@oslojs/crypto@^1.0.1",
        "npm:@radix-ui/react-accordion@^1.2.12",
        "npm:@radix-ui/react-alert-dialog@^1.1.15",
        "npm:@radix-ui/react-aspect-ratio@^1.1.8",
        "npm:@radix-ui/react-avatar@^1.1.11",
        "npm:@radix-ui/react-checkbox@^1.3.3",
        "npm:@radix-ui/react-collapsible@^1.1.12",
        "npm:@radix-ui/react-context-menu@^2.2.16",
        "npm:@radix-ui/react-dialog@^1.1.15",
        "npm:@radix-ui/react-dropdown-menu@^2.1.16",
        "npm:@radix-ui/react-hover-card@^1.1.15",
        "npm:@radix-ui/react-label@^2.1.8",
        "npm:@radix-ui/react-menubar@^1.1.16",
        "npm:@radix-ui/react-navigation-menu@^1.2.14",
        "npm:@radix-ui/react-popover@^1.1.15",
        "npm:@radix-ui/react-progress@^1.1.8",
        "npm:@radix-ui/react-radio-group@^1.3.8",
        "npm:@radix-ui/react-scroll-area@^1.2.10",
        "npm:@radix-ui/react-select@^2.2.6",
        "npm:@radix-ui/react-separator@^1.1.8",
        "npm:@radix-ui/react-slider@^1.3.6",
        "npm:@radix-ui/react-slot@^1.2.4",
        "npm:@radix-ui/react-switch@^1.2.6",
        "npm:@radix-ui/react-tabs@^1.1.13",
        "npm:@radix-ui/react-toggle-group@^1.1.11",
        "npm:@radix-ui/react-toggle@^1.1.10",
        "npm:@radix-ui/react-tooltip@^1.2.8",
        "npm:@supabase/supabase-js@^2.49.4",
        "npm:@tailwindcss/vite@^4.1.17",
        "npm:@types/node@^24.10.1",
        "npm:@types/qrcode@^1.5.6",
        "npm:@types/react-dom@^19.2.3",
        "npm:@types/react@^19.2.7",
        "npm:@types/web-push@^3.6.4",
        "npm:@vitejs/plugin-react@^5.1.1",
        "npm:@vly-ai/integrations@~0.6.12",
        "npm:@zumer/snapdom@^2.0.1",
        "npm:axios@^1.13.2",
        "npm:class-variance-authority@~0.7.1",
        "npm:clsx@^2.1.1",
        "npm:cmdk@^1.1.1",
        "npm:date-fns@^4.1.0",
        "npm:embla-carousel-react@^8.6.0",
        "npm:eslint-config-prettier@^10.1.8",
        "npm:eslint-plugin-react-hooks@^7.0.1",
        "npm:eslint-plugin-react-refresh@~0.4.24",
        "npm:eslint@^9.39.1",
        "npm:framer-motion@^12.23.25",
        "npm:globals@^16.5.0",
        "npm:input-otp@^1.4.2",
        "npm:lucide-react@0.555",
        "npm:next-themes@~0.4.6",
        "npm:prettier@3.7.3",
        "npm:qrcode@^1.5.4",
        "npm:react-day-picker@9.13.0",
        "npm:react-dom@^19.2.0",
        "npm:react-hook-form@^7.67.0",
        "npm:react-intersection-observer@10",
        "npm:react-resizable-panels@^3.0.6",
        "npm:react-router@^7.10.0",
        "npm:react@^19.2.0",
        "npm:recharts@^2.15.4",
        "npm:sonner@^2.0.7",
        "npm:tailwind-merge@^3.4.0",
        "npm:tailwindcss@^4.1.17",
        "npm:tw-animate-css@^1.4.0",
        "npm:typescript-eslint@^8.48.1",
        "npm:typescript@~5.9.3",
        "npm:vaul@^1.1.2",
        "npm:vite@^7.2.6",
        "npm:web-push@^3.6.7",
        "npm:zod@^4.1.13"
      ]
    }
  }
}
